
Microsoft Visual Studio Solution File, Format Version 12.00
# Visual Studio Version 17
VisualStudioVersion = 17.14.36623.8
MinimumVisualStudioVersion = 10.0.40219.1
Project("{2150E333-8FDC-42A3-9474-1A3956D46DE8}") = "Services", "Services", "{02EA681E-C7D8-13C7-8484-4AC65E1B71E8}"
EndProject
Project("{2150E333-8FDC-42A3-9474-1A3956D46DE8}") = "Catalog", "Catalog", "{5160F9DC-3203-45E2-B8C1-168288647544}"
EndProject
Project("{FAE04EC0-301F-11D3-BF4B-00C04F79EFBC}") = "Catalog.API", "Services\Catalog\Catalog\Catalog.API.csproj", "{F661A579-761F-4BCE-8928-02B519F8324E}"
EndProject
Project("{2150E333-8FDC-42A3-9474-1A3956D46DE8}") = "BuildingBlocks", "BuildingBlocks", "{3FED3A42-8402-4EDA-B939-7E3394249A9A}"
EndProject
Project("{FAE04EC0-301F-11D3-BF4B-00C04F79EFBC}") = "BuildingBlocks", "BuildingBlocks\BuildingBlocks\BuildingBlocks.csproj", "{C5DE5A16-F7A6-4296-A282-6E1D45205318}"
EndProject
Project("{E53339B2-1760-4266-BCC7-CA923CBCF16C}") = "docker-compose", "docker-compose.dcproj", "{81DDED9D-158B-E303-5F62-77A2896D2A5A}"
EndProject
Project("{2150E333-8FDC-42A3-9474-1A3956D46DE8}") = "Basket", "Basket", "{56BC23A4-A477-4323-9C02-59A669F82167}"
EndProject
Project("{FAE04EC0-301F-11D3-BF4B-00C04F79EFBC}") = "Basket.API", "Services\Basket\Basket.Api\Basket.API.csproj", "{9CF63BFA-E798-4834-AFF4-1249FA93BE25}"
EndProject
Project("{2150E333-8FDC-42A3-9474-1A3956D46DE8}") = "Discount", "Discount", "{79381F3C-1B91-4CBB-A3AA-02F8538781E9}"
EndProject
Project("{FAE04EC0-301F-11D3-BF4B-00C04F79EFBC}") = "Discount.Grpc", "Services\Discount\Discount.Grpc\Discount.Grpc.csproj", "{5D12C617-B1AF-4ABB-80FC-B1F31BFDEA43}"
EndProject
Global
	GlobalSection(SolutionConfigurationPlatforms) = preSolution
		Debug|Any CPU = Debug|Any CPU
		Release|Any CPU = Release|Any CPU
	EndGlobalSection
	GlobalSection(ProjectConfigurationPlatforms) = postSolution
		{F661A579-761F-4BCE-8928-02B519F8324E}.Debug|Any CPU.ActiveCfg = Debug|Any CPU
		{F661A579-761F-4BCE-8928-02B519F8324E}.Debug|Any CPU.Build.0 = Debug|Any CPU
		{F661A579-761F-4BCE-8928-02B519F8324E}.Release|Any CPU.ActiveCfg = Release|Any CPU
		{F661A579-761F-4BCE-8928-02B519F8324E}.Release|Any CPU.Build.0 = Release|Any CPU
		{C5DE5A16-F7A6-4296-A282-6E1D45205318}.Debug|Any CPU.ActiveCfg = Debug|Any CPU
		{C5DE5A16-F7A6-4296-A282-6E1D45205318}.Debug|Any CPU.Build.0 = Debug|Any CPU
		{C5DE5A16-F7A6-4296-A282-6E1D45205318}.Release|Any CPU.ActiveCfg = Release|Any CPU
		{C5DE5A16-F7A6-4296-A282-6E1D45205318}.Release|Any CPU.Build.0 = Release|Any CPU
		{81DDED9D-158B-E303-5F62-77A2896D2A5A}.Debug|Any CPU.ActiveCfg = Debug|Any CPU
		{81DDED9D-158B-E303-5F62-77A2896D2A5A}.Debug|Any CPU.Build.0 = Debug|Any CPU
		{81DDED9D-158B-E303-5F62-77A2896D2A5A}.Release|Any CPU.ActiveCfg = Release|Any CPU
		{81DDED9D-158B-E303-5F62-77A2896D2A5A}.Release|Any CPU.Build.0 = Release|Any CPU
		{9CF63BFA-E798-4834-AFF4-1249FA93BE25}.Debug|Any CPU.ActiveCfg = Debug|Any CPU
		{9CF63BFA-E798-4834-AFF4-1249FA93BE25}.Debug|Any CPU.Build.0 = Debug|Any CPU
		{9CF63BFA-E798-4834-AFF4-1249FA93BE25}.Release|Any CPU.ActiveCfg = Release|Any CPU
		{9CF63BFA-E798-4834-AFF4-1249FA93BE25}.Release|Any CPU.Build.0 = Release|Any CPU
		{5D12C617-B1AF-4ABB-80FC-B1F31BFDEA43}.Debug|Any CPU.ActiveCfg = Debug|Any CPU
		{5D12C617-B1AF-4ABB-80FC-B1F31BFDEA43}.Debug|Any CPU.Build.0 = Debug|Any CPU
		{5D12C617-B1AF-4ABB-80FC-B1F31BFDEA43}.Release|Any CPU.ActiveCfg = Release|Any CPU
		{5D12C617-B1AF-4ABB-80FC-B1F31BFDEA43}.Release|Any CPU.Build.0 = Release|Any CPU
	EndGlobalSection
	GlobalSection(SolutionProperties) = preSolution
		HideSolutionNode = FALSE
	EndGlobalSection
	GlobalSection(NestedProjects) = preSolution
		{5160F9DC-3203-45E2-B8C1-168288647544} = {02EA681E-C7D8-13C7-8484-4AC65E1B71E8}
		{F661A579-761F-4BCE-8928-02B519F8324E} = {5160F9DC-3203-45E2-B8C1-168288647544}
		{C5DE5A16-F7A6-4296-A282-6E1D45205318} = {3FED3A42-8402-4EDA-B939-7E3394249A9A}
		{56BC23A4-A477-4323-9C02-59A669F82167} = {02EA681E-C7D8-13C7-8484-4AC65E1B71E8}
		{9CF63BFA-E798-4834-AFF4-1249FA93BE25} = {56BC23A4-A477-4323-9C02-59A669F82167}
		{79381F3C-1B91-4CBB-A3AA-02F8538781E9} = {02EA681E-C7D8-13C7-8484-4AC65E1B71E8}
		{5D12C617-B1AF-4ABB-80FC-B1F31BFDEA43} = {79381F3C-1B91-4CBB-A3AA-02F8538781E9}
	EndGlobalSection
	GlobalSection(ExtensibilityGlobals) = postSolution
		SolutionGuid = {FC425E16-04F9-47E5-A5B9-65D17E7DF553}
	EndGlobalSection
EndGlobal
